
Microsoft Visual Studio Solution File, Format Version 12.00
# Visual Studio Version 17
VisualStudioVersion = 17.13.35828.75 d17.13
MinimumVisualStudioVersion = 10.0.40219.1
Project("{FAE04EC0-301F-11D3-BF4B-00C04F79EFBC}") = "AppiumDemoTest", "AppiumDemoTest\AppiumDemoTest.csproj", "{F96222B2-0148-43AF-BE6D-D5037DA10C34}"
EndProject
Global
	GlobalSection(SolutionConfigurationPlatforms) = preSolution
		Debug|Any CPU = Debug|Any CPU
		Release|Any CPU = Release|Any CPU
	EndGlobalSection
	GlobalSection(ProjectConfigurationPlatforms) = postSolution
		{F96222B2-0148-43AF-BE6D-D5037DA10C34}.Debug|Any CPU.ActiveCfg = Debug|Any CPU
		{F96222B2-0148-43AF-BE6D-D5037DA10C34}.Debug|Any CPU.Build.0 = Debug|Any CPU
		{F96222B2-0148-43AF-BE6D-D5037DA10C34}.Release|Any CPU.ActiveCfg = Release|Any CPU
		{F96222B2-0148-43AF-BE6D-D5037DA10C34}.Release|Any CPU.Build.0 = Release|Any CPU
	EndGlobalSection
	GlobalSection(SolutionProperties) = preSolution
		HideSolutionNode = FALSE
	EndGlobalSection
	GlobalSection(ExtensibilityGlobals) = postSolution
		SolutionGuid = {6D787A60-B676-486E-A3DB-6714B446BB7C}
	EndGlobalSection
EndGlobal
