
Microsoft Visual Studio Solution File, Format Version 12.00
# Visual Studio Version 17
VisualStudioVersion = 17.13.35825.156 d17.13
MinimumVisualStudioVersion = 10.0.40219.1
Project("{FAE04EC0-301F-11D3-BF4B-00C04F79EFBC}") = "SeleniumWaits_3_TestImplicitWaits", "SeleniumWaits_3_TestImplicitWaits.csproj", "{722B7A44-3315-43D8-AB32-B53AA5C34074}"
EndProject
Global
	GlobalSection(SolutionConfigurationPlatforms) = preSolution
		Debug|Any CPU = Debug|Any CPU
		Release|Any CPU = Release|Any CPU
	EndGlobalSection
	GlobalSection(ProjectConfigurationPlatforms) = postSolution
		{722B7A44-3315-43D8-AB32-B53AA5C34074}.Debug|Any CPU.ActiveCfg = Debug|Any CPU
		{722B7A44-3315-43D8-AB32-B53AA5C34074}.Debug|Any CPU.Build.0 = Debug|Any CPU
		{722B7A44-3315-43D8-AB32-B53AA5C34074}.Release|Any CPU.ActiveCfg = Release|Any CPU
		{722B7A44-3315-43D8-AB32-B53AA5C34074}.Release|Any CPU.Build.0 = Release|Any CPU
	EndGlobalSection
	GlobalSection(SolutionProperties) = preSolution
		HideSolutionNode = FALSE
	EndGlobalSection
	GlobalSection(ExtensibilityGlobals) = postSolution
		SolutionGuid = {A42DC43B-6F77-42A6-B2EA-BB444A1F5628}
	EndGlobalSection
EndGlobal
