
Microsoft Visual Studio Solution File, Format Version 12.00
# Visual Studio Version 17
VisualStudioVersion = 17.13.35919.96 d17.13
MinimumVisualStudioVersion = 10.0.40219.1
Project("{FAE04EC0-301F-11D3-BF4B-00C04F79EFBC}") = "FoodAppPOM", "FoodAppPOM\FoodAppPOM.csproj", "{040342F1-A6BA-4814-86A7-BC808A1DD522}"
EndProject
Global
	GlobalSection(SolutionConfigurationPlatforms) = preSolution
		Debug|Any CPU = Debug|Any CPU
		Release|Any CPU = Release|Any CPU
	EndGlobalSection
	GlobalSection(ProjectConfigurationPlatforms) = postSolution
		{040342F1-A6BA-4814-86A7-BC808A1DD522}.Debug|Any CPU.ActiveCfg = Debug|Any CPU
		{040342F1-A6BA-4814-86A7-BC808A1DD522}.Debug|Any CPU.Build.0 = Debug|Any CPU
		{040342F1-A6BA-4814-86A7-BC808A1DD522}.Release|Any CPU.ActiveCfg = Release|Any CPU
		{040342F1-A6BA-4814-86A7-BC808A1DD522}.Release|Any CPU.Build.0 = Release|Any CPU
	EndGlobalSection
	GlobalSection(SolutionProperties) = preSolution
		HideSolutionNode = FALSE
	EndGlobalSection
	GlobalSection(ExtensibilityGlobals) = postSolution
		SolutionGuid = {F41EDCC6-000C-4B0B-902E-CFDDD66429AA}
	EndGlobalSection
EndGlobal
