
Microsoft Visual Studio Solution File, Format Version 12.00
# Visual Studio Version 17
VisualStudioVersion = 17.13.35825.156 d17.13
MinimumVisualStudioVersion = 10.0.40219.1
Project("{FAE04EC0-301F-11D3-BF4B-00C04F79EFBC}") = "WorkingWithiFrame", "WorkingWithiFrame.csproj", "{A8697547-C93E-4E59-97BB-9827FA2D0033}"
EndProject
Global
	GlobalSection(SolutionConfigurationPlatforms) = preSolution
		Debug|Any CPU = Debug|Any CPU
		Release|Any CPU = Release|Any CPU
	EndGlobalSection
	GlobalSection(ProjectConfigurationPlatforms) = postSolution
		{A8697547-C93E-4E59-97BB-9827FA2D0033}.Debug|Any CPU.ActiveCfg = Debug|Any CPU
		{A8697547-C93E-4E59-97BB-9827FA2D0033}.Debug|Any CPU.Build.0 = Debug|Any CPU
		{A8697547-C93E-4E59-97BB-9827FA2D0033}.Release|Any CPU.ActiveCfg = Release|Any CPU
		{A8697547-C93E-4E59-97BB-9827FA2D0033}.Release|Any CPU.Build.0 = Release|Any CPU
	EndGlobalSection
	GlobalSection(SolutionProperties) = preSolution
		HideSolutionNode = FALSE
	EndGlobalSection
	GlobalSection(ExtensibilityGlobals) = postSolution
		SolutionGuid = {574D80E2-F9E7-4095-A2FF-6E47B67E8AED}
	EndGlobalSection
EndGlobal
